
Microsoft Visual Studio Solution File, Format Version 12.00
# Visual Studio 15
VisualStudioVersion = 15.0.27130.2027
MinimumVisualStudioVersion = 10.0.40219.1
Project("{FAE04EC0-301F-11D3-BF4B-00C04F79EFBC}") = "doan", "doan\doan.csproj", "{579FEE67-551D-47E2-9E93-8B4964191E9D}"
EndProject
Global
	GlobalSection(SolutionConfigurationPlatforms) = preSolution
		Debug|Any CPU = Debug|Any CPU
		Release|Any CPU = Release|Any CPU
	EndGlobalSection
	GlobalSection(ProjectConfigurationPlatforms) = postSolution
		{579FEE67-551D-47E2-9E93-8B4964191E9D}.Debug|Any CPU.ActiveCfg = Debug|Any CPU
		{579FEE67-551D-47E2-9E93-8B4964191E9D}.Debug|Any CPU.Build.0 = Debug|Any CPU
		{579FEE67-551D-47E2-9E93-8B4964191E9D}.Release|Any CPU.ActiveCfg = Release|Any CPU
		{579FEE67-551D-47E2-9E93-8B4964191E9D}.Release|Any CPU.Build.0 = Release|Any CPU
	EndGlobalSection
	GlobalSection(SolutionProperties) = preSolution
		HideSolutionNode = FALSE
	EndGlobalSection
	GlobalSection(ExtensibilityGlobals) = postSolution
		SolutionGuid = {0C69260C-9C8B-4074-97CD-ED1C863531E2}
	EndGlobalSection
EndGlobal
